dependencies:
  espressif/button:
    component_hash: 4ed25fcf354b48aa5e5680b9e7549e38d7738f9b613c94a2e39119c100db9c95
    dependencies:
    - name: espressif/cmake_utilities
      registry_url: https://components.espressif.com
      require: private
      version: '*'
    - name: idf
      require: private
      version: '>=4.0'
    source:
      registry_url: https://components.espressif.com/
      type: service
    version: 4.1.4
  espressif/cmake_utilities:
    component_hash: 05165f30922b422b4b90c08845e6d449329b97370fbd06309803d8cb539d79e3
    dependencies:
    - name: idf
      require: private
      version: '>=4.1'
    source:
      registry_url: https://components.espressif.com
      type: service
    version: 1.1.1
  espressif/esp_codec_dev:
    component_hash: 0d9e9bc288156eb55f79338d312e1ebf8c9dfbd5e7d13ef0f20ccb031b4e15cf
    dependencies:
    - name: idf
      require: private
      version: '>=4.0'
    source:
      registry_url: https://components.espressif.com/
      type: service
    version: 1.5.4
  espressif/esp_io_expander:
    component_hash: abf3ea0d71407d79d15500550aa3ba433848459b0fa94717cf9478822593ee5d
    dependencies:
    - name: idf
      require: private
      version: '>=4.4.2'
    source:
      registry_url: https://components.espressif.com
      type: service
    version: 1.1.0
  espressif/esp_io_expander_tca9554:
    component_hash: b8d7ff823eed8a8c05c49f01d554d08f75146a17a1c50bfb354b6c4c8819fc05
    dependencies:
    - name: espressif/esp_io_expander
      registry_url: https://components.espressif.com
      require: public
      version: ^1.0.1
    - name: idf
      require: private
      version: '>=5.2'
    source:
      registry_url: https://components.espressif.com/
      type: service
    version: 2.0.2
  espressif/esp_lcd_touch:
    component_hash: cf4741f4903bdfe83c0a6606cb33314957e78605398954154f247e03acfd306b
    dependencies:
    - name: idf
      require: private
      version: '>=4.4.2'
    source:
      registry_url: https://components.espressif.com/
      type: service
    version: 1.2.0
  espressif/esp_lvgl_port:
    component_hash: f872401524cb645ee6ff1c9242d44fb4ddcfd4d37d7be8b9ed3f4e85a404efcd
    dependencies:
    - name: idf
      require: private
      version: '>=5.1'
    - name: lvgl/lvgl
      registry_url: https://components.espressif.com
      require: public
      version: '>=8,<10'
    source:
      registry_url: https://components.espressif.com/
      type: service
    version: 2.7.0
  idf:
    source:
      type: idf
    version: 6.1.0
  lvgl/lvgl:
    component_hash: d7c1ac037ae6e85d94897f807d6e7ba0946a83e720074fc95a4f6241da9f9f53
    dependencies: []
    source:
      registry_url: https://components.espressif.com/
      type: service
    version: 8.4.0
direct_dependencies:
- espressif/button
- espressif/esp_codec_dev
- espressif/esp_io_expander_tca9554
- espressif/esp_lcd_touch
- espressif/esp_lvgl_port
- idf
- lvgl/lvgl
manifest_hash: 5ac4155f57e8fb7f9a18a89020971b9cc1b94be00d28695c906b044baf038bf7
target: esp32s3
version: 2.0.0
